
Microsoft Visual Studio Solution File, Format Version 12.00
# Visual Studio Version 16
VisualStudioVersion = 16.0.31624.102
MinimumVisualStudioVersion = 10.0.40219.1
Project("{FAE04EC0-301F-11D3-BF4B-00C04F79EFBC}") = "ClassTask", "ConsoleApp7\ClassTask.csproj", "{6DE9F85A-6BAC-4A63-8AA2-E99FD26067BA}"
EndProject
Project("{FAE04EC0-301F-11D3-BF4B-00C04F79EFBC}") = "Lab2", "Lab2\Lab2.csproj", "{3E54232C-4CAF-4216-9F15-326E0813E5BE}"
EndProject
Global
	GlobalSection(SolutionConfigurationPlatforms) = preSolution
		Debug|Any CPU = Debug|Any CPU
		Release|Any CPU = Release|Any CPU
	EndGlobalSection
	GlobalSection(ProjectConfigurationPlatforms) = postSolution
		{6DE9F85A-6BAC-4A63-8AA2-E99FD26067BA}.Debug|Any CPU.ActiveCfg = Debug|Any CPU
		{6DE9F85A-6BAC-4A63-8AA2-E99FD26067BA}.Debug|Any CPU.Build.0 = Debug|Any CPU
		{6DE9F85A-6BAC-4A63-8AA2-E99FD26067BA}.Release|Any CPU.ActiveCfg = Release|Any CPU
		{6DE9F85A-6BAC-4A63-8AA2-E99FD26067BA}.Release|Any CPU.Build.0 = Release|Any CPU
		{3E54232C-4CAF-4216-9F15-326E0813E5BE}.Debug|Any CPU.ActiveCfg = Debug|Any CPU
		{3E54232C-4CAF-4216-9F15-326E0813E5BE}.Debug|Any CPU.Build.0 = Debug|Any CPU
		{3E54232C-4CAF-4216-9F15-326E0813E5BE}.Release|Any CPU.ActiveCfg = Release|Any CPU
		{3E54232C-4CAF-4216-9F15-326E0813E5BE}.Release|Any CPU.Build.0 = Release|Any CPU
	EndGlobalSection
	GlobalSection(SolutionProperties) = preSolution
		HideSolutionNode = FALSE
	EndGlobalSection
	GlobalSection(ExtensibilityGlobals) = postSolution
		SolutionGuid = {B6FAF3B7-CEAC-4B33-A64A-6F662FB11663}
	EndGlobalSection
EndGlobal
