
Microsoft Visual Studio Solution File, Format Version 12.00
# Visual Studio Version 16
VisualStudioVersion = 16.0.31624.102
MinimumVisualStudioVersion = 10.0.40219.1
Project("{FAE04EC0-301F-11D3-BF4B-00C04F79EFBC}") = "Laboratory 2.1", "Laboratory 2.1\Laboratory 2.1.csproj", "{4E85CFA5-9B3C-456D-88AE-5286570ECF2B}"
EndProject
Global
	GlobalSection(SolutionConfigurationPlatforms) = preSolution
		Debug|Any CPU = Debug|Any CPU
		Release|Any CPU = Release|Any CPU
	EndGlobalSection
	GlobalSection(ProjectConfigurationPlatforms) = postSolution
		{4E85CFA5-9B3C-456D-88AE-5286570ECF2B}.Debug|Any CPU.ActiveCfg = Debug|Any CPU
		{4E85CFA5-9B3C-456D-88AE-5286570ECF2B}.Debug|Any CPU.Build.0 = Debug|Any CPU
		{4E85CFA5-9B3C-456D-88AE-5286570ECF2B}.Release|Any CPU.ActiveCfg = Release|Any CPU
		{4E85CFA5-9B3C-456D-88AE-5286570ECF2B}.Release|Any CPU.Build.0 = Release|Any CPU
	EndGlobalSection
	GlobalSection(SolutionProperties) = preSolution
		HideSolutionNode = FALSE
	EndGlobalSection
	GlobalSection(ExtensibilityGlobals) = postSolution
		SolutionGuid = {2CBC69B4-1C2A-49F1-A769-1BA6B4CB8F88}
	EndGlobalSection
EndGlobal
