
Microsoft Visual Studio Solution File, Format Version 12.00
# Visual Studio Version 16
VisualStudioVersion = 16.0.31702.278
MinimumVisualStudioVersion = 10.0.40219.1
Project("{FAE04EC0-301F-11D3-BF4B-00C04F79EFBC}") = "Helloween", "Helloween\Helloween.csproj", "{578F8B03-FCD7-4FFD-AF98-1DF0BF71EDB9}"
EndProject
Global
	GlobalSection(SolutionConfigurationPlatforms) = preSolution
		Debug|Any CPU = Debug|Any CPU
		Release|Any CPU = Release|Any CPU
	EndGlobalSection
	GlobalSection(ProjectConfigurationPlatforms) = postSolution
		{578F8B03-FCD7-4FFD-AF98-1DF0BF71EDB9}.Debug|Any CPU.ActiveCfg = Debug|Any CPU
		{578F8B03-FCD7-4FFD-AF98-1DF0BF71EDB9}.Debug|Any CPU.Build.0 = Debug|Any CPU
		{578F8B03-FCD7-4FFD-AF98-1DF0BF71EDB9}.Release|Any CPU.ActiveCfg = Release|Any CPU
		{578F8B03-FCD7-4FFD-AF98-1DF0BF71EDB9}.Release|Any CPU.Build.0 = Release|Any CPU
	EndGlobalSection
	GlobalSection(SolutionProperties) = preSolution
		HideSolutionNode = FALSE
	EndGlobalSection
	GlobalSection(ExtensibilityGlobals) = postSolution
		SolutionGuid = {6C6D23B2-724B-44DC-B9D8-2C324D15D3F3}
	EndGlobalSection
EndGlobal
