
Microsoft Visual Studio Solution File, Format Version 12.00
# Visual Studio Version 16
VisualStudioVersion = 16.0.31624.102
MinimumVisualStudioVersion = 10.0.40219.1
Project("{FAE04EC0-301F-11D3-BF4B-00C04F79EFBC}") = "ClassTask", "ClassTask\ClassTask.csproj", "{7B4433CC-EB0E-4FC7-8EE9-CC8720F03AF1}"
EndProject
Global
	GlobalSection(SolutionConfigurationPlatforms) = preSolution
		Debug|Any CPU = Debug|Any CPU
		Release|Any CPU = Release|Any CPU
	EndGlobalSection
	GlobalSection(ProjectConfigurationPlatforms) = postSolution
		{7B4433CC-EB0E-4FC7-8EE9-CC8720F03AF1}.Debug|Any CPU.ActiveCfg = Debug|Any CPU
		{7B4433CC-EB0E-4FC7-8EE9-CC8720F03AF1}.Debug|Any CPU.Build.0 = Debug|Any CPU
		{7B4433CC-EB0E-4FC7-8EE9-CC8720F03AF1}.Release|Any CPU.ActiveCfg = Release|Any CPU
		{7B4433CC-EB0E-4FC7-8EE9-CC8720F03AF1}.Release|Any CPU.Build.0 = Release|Any CPU
	EndGlobalSection
	GlobalSection(SolutionProperties) = preSolution
		HideSolutionNode = FALSE
	EndGlobalSection
	GlobalSection(ExtensibilityGlobals) = postSolution
		SolutionGuid = {386529A0-19A5-4090-B559-717A2D237809}
	EndGlobalSection
EndGlobal
