
Microsoft Visual Studio Solution File, Format Version 12.00
# Visual Studio Version 16
VisualStudioVersion = 16.0.31702.278
MinimumVisualStudioVersion = 10.0.40219.1
Project("{FAE04EC0-301F-11D3-BF4B-00C04F79EFBC}") = "12.2", "04.12.2021\12.2.csproj", "{8059F699-C83B-495D-8BA9-F14A6EF66687}"
EndProject
Project("{FAE04EC0-301F-11D3-BF4B-00C04F79EFBC}") = "12.1", "12.1\12.1.csproj", "{6F86C454-7F27-4C25-80F7-F6BF4DFA77F1}"
EndProject
Project("{FAE04EC0-301F-11D3-BF4B-00C04F79EFBC}") = "12.3", "12.3\12.3.csproj", "{F2B47715-1410-48B8-96DA-FEBD12BB3F0A}"
EndProject
Project("{FAE04EC0-301F-11D3-BF4B-00C04F79EFBC}") = "12.4", "12.4\12.4.csproj", "{D553E439-D2F0-4BFC-A9D4-AD0320FA11D4}"
EndProject
Project("{FAE04EC0-301F-11D3-BF4B-00C04F79EFBC}") = "13.3-4", "13.1-2\13.3-4.csproj", "{90DFEB18-20DA-4D03-9940-4D8A8C8ACDB4}"
EndProject
Project("{FAE04EC0-301F-11D3-BF4B-00C04F79EFBC}") = "13.1-2", "13.3-4\13.1-2.csproj", "{E016BF9F-BE12-43DA-A4F5-C56F28020AB0}"
EndProject
Project("{FAE04EC0-301F-11D3-BF4B-00C04F79EFBC}") = "Tumakov", "Tumakov\Tumakov.csproj", "{CA8BC784-EFB6-43A5-B617-2271DED0B8C1}"
EndProject
Global
	GlobalSection(SolutionConfigurationPlatforms) = preSolution
		Debug|Any CPU = Debug|Any CPU
		Release|Any CPU = Release|Any CPU
	EndGlobalSection
	GlobalSection(ProjectConfigurationPlatforms) = postSolution
		{8059F699-C83B-495D-8BA9-F14A6EF66687}.Debug|Any CPU.ActiveCfg = Debug|Any CPU
		{8059F699-C83B-495D-8BA9-F14A6EF66687}.Debug|Any CPU.Build.0 = Debug|Any CPU
		{8059F699-C83B-495D-8BA9-F14A6EF66687}.Release|Any CPU.ActiveCfg = Release|Any CPU
		{8059F699-C83B-495D-8BA9-F14A6EF66687}.Release|Any CPU.Build.0 = Release|Any CPU
		{6F86C454-7F27-4C25-80F7-F6BF4DFA77F1}.Debug|Any CPU.ActiveCfg = Debug|Any CPU
		{6F86C454-7F27-4C25-80F7-F6BF4DFA77F1}.Debug|Any CPU.Build.0 = Debug|Any CPU
		{6F86C454-7F27-4C25-80F7-F6BF4DFA77F1}.Release|Any CPU.ActiveCfg = Release|Any CPU
		{6F86C454-7F27-4C25-80F7-F6BF4DFA77F1}.Release|Any CPU.Build.0 = Release|Any CPU
		{F2B47715-1410-48B8-96DA-FEBD12BB3F0A}.Debug|Any CPU.ActiveCfg = Debug|Any CPU
		{F2B47715-1410-48B8-96DA-FEBD12BB3F0A}.Debug|Any CPU.Build.0 = Debug|Any CPU
		{F2B47715-1410-48B8-96DA-FEBD12BB3F0A}.Release|Any CPU.ActiveCfg = Release|Any CPU
		{F2B47715-1410-48B8-96DA-FEBD12BB3F0A}.Release|Any CPU.Build.0 = Release|Any CPU
		{D553E439-D2F0-4BFC-A9D4-AD0320FA11D4}.Debug|Any CPU.ActiveCfg = Debug|Any CPU
		{D553E439-D2F0-4BFC-A9D4-AD0320FA11D4}.Debug|Any CPU.Build.0 = Debug|Any CPU
		{D553E439-D2F0-4BFC-A9D4-AD0320FA11D4}.Release|Any CPU.ActiveCfg = Release|Any CPU
		{D553E439-D2F0-4BFC-A9D4-AD0320FA11D4}.Release|Any CPU.Build.0 = Release|Any CPU
		{90DFEB18-20DA-4D03-9940-4D8A8C8ACDB4}.Debug|Any CPU.ActiveCfg = Debug|Any CPU
		{90DFEB18-20DA-4D03-9940-4D8A8C8ACDB4}.Debug|Any CPU.Build.0 = Debug|Any CPU
		{90DFEB18-20DA-4D03-9940-4D8A8C8ACDB4}.Release|Any CPU.ActiveCfg = Release|Any CPU
		{90DFEB18-20DA-4D03-9940-4D8A8C8ACDB4}.Release|Any CPU.Build.0 = Release|Any CPU
		{E016BF9F-BE12-43DA-A4F5-C56F28020AB0}.Debug|Any CPU.ActiveCfg = Debug|Any CPU
		{E016BF9F-BE12-43DA-A4F5-C56F28020AB0}.Debug|Any CPU.Build.0 = Debug|Any CPU
		{E016BF9F-BE12-43DA-A4F5-C56F28020AB0}.Release|Any CPU.ActiveCfg = Release|Any CPU
		{E016BF9F-BE12-43DA-A4F5-C56F28020AB0}.Release|Any CPU.Build.0 = Release|Any CPU
		{CA8BC784-EFB6-43A5-B617-2271DED0B8C1}.Debug|Any CPU.ActiveCfg = Debug|Any CPU
		{CA8BC784-EFB6-43A5-B617-2271DED0B8C1}.Debug|Any CPU.Build.0 = Debug|Any CPU
		{CA8BC784-EFB6-43A5-B617-2271DED0B8C1}.Release|Any CPU.ActiveCfg = Release|Any CPU
		{CA8BC784-EFB6-43A5-B617-2271DED0B8C1}.Release|Any CPU.Build.0 = Release|Any CPU
	EndGlobalSection
	GlobalSection(SolutionProperties) = preSolution
		HideSolutionNode = FALSE
	EndGlobalSection
	GlobalSection(ExtensibilityGlobals) = postSolution
		SolutionGuid = {A49B99CB-ABD5-4856-B9AC-B8780297D182}
	EndGlobalSection
EndGlobal
