
Microsoft Visual Studio Solution File, Format Version 12.00
# Visual Studio Version 16
VisualStudioVersion = 16.0.31624.102
MinimumVisualStudioVersion = 10.0.40219.1
Project("{FAE04EC0-301F-11D3-BF4B-00C04F79EFBC}") = "ClassTasks", "ConsoleApp6\ClassTasks.csproj", "{DAF0F4EC-9A9A-46B8-88BB-98048C75B595}"
EndProject
Project("{FAE04EC0-301F-11D3-BF4B-00C04F79EFBC}") = "Tasks", "ConsoleApp1\Tasks.csproj", "{C87EDC3F-0C07-4570-B75B-6EA8C06585F6}"
EndProject
Global
	GlobalSection(SolutionConfigurationPlatforms) = preSolution
		Debug|Any CPU = Debug|Any CPU
		Release|Any CPU = Release|Any CPU
	EndGlobalSection
	GlobalSection(ProjectConfigurationPlatforms) = postSolution
		{DAF0F4EC-9A9A-46B8-88BB-98048C75B595}.Debug|Any CPU.ActiveCfg = Debug|Any CPU
		{DAF0F4EC-9A9A-46B8-88BB-98048C75B595}.Debug|Any CPU.Build.0 = Debug|Any CPU
		{DAF0F4EC-9A9A-46B8-88BB-98048C75B595}.Release|Any CPU.ActiveCfg = Release|Any CPU
		{DAF0F4EC-9A9A-46B8-88BB-98048C75B595}.Release|Any CPU.Build.0 = Release|Any CPU
		{C87EDC3F-0C07-4570-B75B-6EA8C06585F6}.Debug|Any CPU.ActiveCfg = Debug|Any CPU
		{C87EDC3F-0C07-4570-B75B-6EA8C06585F6}.Debug|Any CPU.Build.0 = Debug|Any CPU
		{C87EDC3F-0C07-4570-B75B-6EA8C06585F6}.Release|Any CPU.ActiveCfg = Release|Any CPU
		{C87EDC3F-0C07-4570-B75B-6EA8C06585F6}.Release|Any CPU.Build.0 = Release|Any CPU
	EndGlobalSection
	GlobalSection(SolutionProperties) = preSolution
		HideSolutionNode = FALSE
	EndGlobalSection
	GlobalSection(ExtensibilityGlobals) = postSolution
		SolutionGuid = {E45B699E-38F4-4391-94AD-A0A342E04966}
	EndGlobalSection
EndGlobal
