
Microsoft Visual Studio Solution File, Format Version 12.00
# Visual Studio Version 16
VisualStudioVersion = 16.0.31702.278
MinimumVisualStudioVersion = 10.0.40219.1
Project("{FAE04EC0-301F-11D3-BF4B-00C04F79EFBC}") = "DOP EX", "DOP EX\DOP EX.csproj", "{82A26841-9EFE-4276-8F6D-7C216AD88787}"
EndProject
Global
	GlobalSection(SolutionConfigurationPlatforms) = preSolution
		Debug|Any CPU = Debug|Any CPU
		Release|Any CPU = Release|Any CPU
	EndGlobalSection
	GlobalSection(ProjectConfigurationPlatforms) = postSolution
		{82A26841-9EFE-4276-8F6D-7C216AD88787}.Debug|Any CPU.ActiveCfg = Debug|Any CPU
		{82A26841-9EFE-4276-8F6D-7C216AD88787}.Debug|Any CPU.Build.0 = Debug|Any CPU
		{82A26841-9EFE-4276-8F6D-7C216AD88787}.Release|Any CPU.ActiveCfg = Release|Any CPU
		{82A26841-9EFE-4276-8F6D-7C216AD88787}.Release|Any CPU.Build.0 = Release|Any CPU
	EndGlobalSection
	GlobalSection(SolutionProperties) = preSolution
		HideSolutionNode = FALSE
	EndGlobalSection
	GlobalSection(ExtensibilityGlobals) = postSolution
		SolutionGuid = {5EF26C00-8AB2-4B36-B89D-D41363062E68}
	EndGlobalSection
EndGlobal
